{
  "version": 4,
  "terraform_version": "1.13.5",
  "serial": 20,
  "lineage": "4446e18b-5496-2aad-61bc-f5b3a4ad7a67",
  "outputs": {},
  "resources": [
    {
      "module": "module.docker_images[\"alpine\"]",
      "mode": "managed",
      "type": "docker_image",
      "name": "image",
      "provider": "provider[\"registry.terraform.io/kreuzwerker/docker\"]",
      "instances": [
        {
          "schema_version": 0,
          "attributes": {
            "build": [],
            "force_remove": null,
            "id": "sha256:1ab49c19c53ebca95c787b482aeda86d1d681f58cdf19278c476bcaf37d96de1alpine:latest",
            "image_id": "sha256:1ab49c19c53ebca95c787b482aeda86d1d681f58cdf19278c476bcaf37d96de1",
            "keep_locally": false,
            "name": "alpine:latest",
            "platform": "linux/arm64",
            "pull_triggers": null,
            "repo_digest": "alpine@sha256:25109184c71bdad752c8312a8623239686a9a2071e8825f20acb8f2198c3f659",
            "timeouts": null,
            "triggers": null
          },
          "sensitive_attributes": [],
          "identity_schema_version": 0,
          "private": "eyJlMmJmYjczMC1lY2FhLTExZTYtOGY4OC0zNDM2M2JjN2M0YzAiOnsiY3JlYXRlIjoxMjAwMDAwMDAwMDAwLCJkZWxldGUiOjEyMDAwMDAwMDAwMDAsInVwZGF0ZSI6MTIwMDAwMDAwMDAwMH19"
        }
      ]
    },
    {
      "module": "module.docker_images[\"ubuntu\"]",
      "mode": "managed",
      "type": "docker_image",
      "name": "image",
      "provider": "provider[\"registry.terraform.io/kreuzwerker/docker\"]",
      "instances": [
        {
          "schema_version": 0,
          "attributes": {
            "build": [],
            "force_remove": null,
            "id": "sha256:350d40843c2436d6203ee1e35e9264fb08194c3455ec7462236e01adf542c00bubuntu:latest",
            "image_id": "sha256:350d40843c2436d6203ee1e35e9264fb08194c3455ec7462236e01adf542c00b",
            "keep_locally": false,
            "name": "ubuntu:latest",
            "platform": "linux/arm64",
            "pull_triggers": null,
            "repo_digest": "ubuntu@sha256:d1e2e92c075e5ca139d51a140fff46f84315c0fdce203eab2807c7e495eff4f9",
            "timeouts": null,
            "triggers": null
          },
          "sensitive_attributes": [],
          "identity_schema_version": 0,
          "private": "eyJlMmJmYjczMC1lY2FhLTExZTYtOGY4OC0zNDM2M2JjN2M0YzAiOnsiY3JlYXRlIjoxMjAwMDAwMDAwMDAwLCJkZWxldGUiOjEyMDAwMDAwMDAwMDAsInVwZGF0ZSI6MTIwMDAwMDAwMDAwMH19"
        }
      ]
    }
  ],
  "check_results": null
}
